{
  "name": "agent-flutter",
  "version": "0.1.20",
  "lockfileVersion": 3,
  "requires": true,
  "packages": {
    "": {
      "name": "agent-flutter",
      "version": "0.1.20",
      "license": "MIT",
      "bin": {
        "agent-flutter": "bin/agent-flutter.js"
      },
      "engines": {
        "node": ">=18"
      }
    }
  }
}
